
Microsoft Visual Studio Solution File, Format Version 12.00
# Visual Studio Version 16
VisualStudioVersion = 16.0.32901.82
MinimumVisualStudioVersion = 10.0.40219.1
Project("{FAE04EC0-301F-11D3-BF4B-00C04F79EFBC}") = "Total Fire Safety", "Total Fire Safety.csproj", "{42077FE7-3C9F-4F35-BF94-1E1CC9925D7F}"
EndProject
Global
	GlobalSection(SolutionConfigurationPlatforms) = preSolution
		Debug|Any CPU = Debug|Any CPU
		Release|Any CPU = Release|Any CPU
	EndGlobalSection
	GlobalSection(ProjectConfigurationPlatforms) = postSolution
		{42077FE7-3C9F-4F35-BF94-1E1CC9925D7F}.Debug|Any CPU.ActiveCfg = Debug|Any CPU
		{42077FE7-3C9F-4F35-BF94-1E1CC9925D7F}.Debug|Any CPU.Build.0 = Debug|Any CPU
		{42077FE7-3C9F-4F35-BF94-1E1CC9925D7F}.Release|Any CPU.ActiveCfg = Release|Any CPU
		{42077FE7-3C9F-4F35-BF94-1E1CC9925D7F}.Release|Any CPU.Build.0 = Release|Any CPU
	EndGlobalSection
	GlobalSection(SolutionProperties) = preSolution
		HideSolutionNode = FALSE
	EndGlobalSection
	GlobalSection(ExtensibilityGlobals) = postSolution
		SolutionGuid = {DDEBBE1D-9477-454B-A20B-AF9099883D64}
	EndGlobalSection
EndGlobal
